{
  "lockfileVersion": 1,
  "configVersion": 1,
  "workspaces": {
    "": {
      "dependencies": {
        "sonare": "^0.0.1",
      },
    },
  },
  "packages": {
    "sonare": ["sonare@0.0.1", "", {}, "sha512-/iu0cJymYfrqgsSoBzsPWSAktewpWMnLCKFIuMgpeGIOQNGChY4Vhb8Y3t1sL18ir6JGqppx1bZ+KnbYHV3VWg=="],
  }
}
